
Microsoft Visual Studio Solution File, Format Version 12.00
# Visual Studio Version 16
VisualStudioVersion = 16.0.29613.14
MinimumVisualStudioVersion = 10.0.40219.1
Project("{9A19103F-16F7-4668-BE54-9A1E7A4F7556}") = "Furesoft.Signals", "Furesoft.Signals\Furesoft.Signals.csproj", "{1870DF13-2B57-4842-9A47-0D922627BB3D}"
EndProject
Project("{9A19103F-16F7-4668-BE54-9A1E7A4F7556}") = "TestClient", "TestClient\TestClient.csproj", "{698E9F51-2406-439B-8D1B-96B452E5BF8B}"
EndProject
Project("{9A19103F-16F7-4668-BE54-9A1E7A4F7556}") = "TestSender", "TestSender\TestSender.csproj", "{B6927777-D17F-4906-B0D1-79F3F22F7733}"
EndProject
Project("{2150E333-8FDC-42A3-9474-1A3956D46DE8}") = "Test", "Test", "{6926022E-1207-486B-B9CC-751CBE12FBA5}"
EndProject
Project("{9A19103F-16F7-4668-BE54-9A1E7A4F7556}") = "TestModels", "TestModels\TestModels.csproj", "{DFD342DC-3442-43DA-9D85-D7C91847DA6D}"
EndProject
Project("{2150E333-8FDC-42A3-9474-1A3956D46DE8}") = "Solution Items", "Solution Items", "{601C9790-8717-4A3B-B551-7C6469476DC9}"
	ProjectSection(SolutionItems) = preProject
		appveyor.yml = appveyor.yml
		ToDo.txt = ToDo.txt
	EndProjectSection
EndProject
Project("{2150E333-8FDC-42A3-9474-1A3956D46DE8}") = "Backends", "Backends", "{1075D4D6-DACE-4269-A38A-26AEA753FAC1}"
EndProject
Project("{FAE04EC0-301F-11D3-BF4B-00C04F79EFBC}") = "Furesoft.Signals.Backends.Network", "Backends\Furesoft.Signals.Backends.Network\Furesoft.Signals.Backends.Network.csproj", "{5E9E2580-FD8B-4BA7-B992-B2ABAEE823AF}"
EndProject
Global
	GlobalSection(SolutionConfigurationPlatforms) = preSolution
		Debug|Any CPU = Debug|Any CPU
		Release|Any CPU = Release|Any CPU
	EndGlobalSection
	GlobalSection(ProjectConfigurationPlatforms) = postSolution
		{1870DF13-2B57-4842-9A47-0D922627BB3D}.Debug|Any CPU.ActiveCfg = Debug|Any CPU
		{1870DF13-2B57-4842-9A47-0D922627BB3D}.Debug|Any CPU.Build.0 = Debug|Any CPU
		{1870DF13-2B57-4842-9A47-0D922627BB3D}.Release|Any CPU.ActiveCfg = Release|Any CPU
		{1870DF13-2B57-4842-9A47-0D922627BB3D}.Release|Any CPU.Build.0 = Release|Any CPU
		{698E9F51-2406-439B-8D1B-96B452E5BF8B}.Debug|Any CPU.ActiveCfg = Debug|Any CPU
		{698E9F51-2406-439B-8D1B-96B452E5BF8B}.Debug|Any CPU.Build.0 = Debug|Any CPU
		{698E9F51-2406-439B-8D1B-96B452E5BF8B}.Release|Any CPU.ActiveCfg = Release|Any CPU
		{698E9F51-2406-439B-8D1B-96B452E5BF8B}.Release|Any CPU.Build.0 = Release|Any CPU
		{B6927777-D17F-4906-B0D1-79F3F22F7733}.Debug|Any CPU.ActiveCfg = Debug|Any CPU
		{B6927777-D17F-4906-B0D1-79F3F22F7733}.Debug|Any CPU.Build.0 = Debug|Any CPU
		{B6927777-D17F-4906-B0D1-79F3F22F7733}.Release|Any CPU.ActiveCfg = Release|Any CPU
		{B6927777-D17F-4906-B0D1-79F3F22F7733}.Release|Any CPU.Build.0 = Release|Any CPU
		{DFD342DC-3442-43DA-9D85-D7C91847DA6D}.Debug|Any CPU.ActiveCfg = Debug|Any CPU
		{DFD342DC-3442-43DA-9D85-D7C91847DA6D}.Debug|Any CPU.Build.0 = Debug|Any CPU
		{DFD342DC-3442-43DA-9D85-D7C91847DA6D}.Release|Any CPU.ActiveCfg = Release|Any CPU
		{DFD342DC-3442-43DA-9D85-D7C91847DA6D}.Release|Any CPU.Build.0 = Release|Any CPU
		{5E9E2580-FD8B-4BA7-B992-B2ABAEE823AF}.Debug|Any CPU.ActiveCfg = Debug|Any CPU
		{5E9E2580-FD8B-4BA7-B992-B2ABAEE823AF}.Debug|Any CPU.Build.0 = Debug|Any CPU
		{5E9E2580-FD8B-4BA7-B992-B2ABAEE823AF}.Release|Any CPU.ActiveCfg = Release|Any CPU
		{5E9E2580-FD8B-4BA7-B992-B2ABAEE823AF}.Release|Any CPU.Build.0 = Release|Any CPU
	EndGlobalSection
	GlobalSection(SolutionProperties) = preSolution
		HideSolutionNode = FALSE
	EndGlobalSection
	GlobalSection(NestedProjects) = preSolution
		{698E9F51-2406-439B-8D1B-96B452E5BF8B} = {6926022E-1207-486B-B9CC-751CBE12FBA5}
		{B6927777-D17F-4906-B0D1-79F3F22F7733} = {6926022E-1207-486B-B9CC-751CBE12FBA5}
		{DFD342DC-3442-43DA-9D85-D7C91847DA6D} = {6926022E-1207-486B-B9CC-751CBE12FBA5}
		{5E9E2580-FD8B-4BA7-B992-B2ABAEE823AF} = {1075D4D6-DACE-4269-A38A-26AEA753FAC1}
	EndGlobalSection
	GlobalSection(ExtensibilityGlobals) = postSolution
		SolutionGuid = {D9A017CA-2274-4CC1-AD0C-D51413DE913B}
	EndGlobalSection
EndGlobal
